// !$*UTF8*$!
{
	archiveVersion = 1;
	classes = {
	};
	objectVersion = 56;
	objects = {

/* Begin PBXBuildFile section */
		9D0CD2842B8A2E5100C1AC00 /* WarehouseMapView.swift in Sources */ = {isa = PBXBuildFile; fileRef = 9D0CD2832B8A2E5100C1AC00 /* WarehouseMapView.swift */; };
		9DABAACB2B8B878C00002044 /* TableViewCell.swift in Sources */ = {isa = PBXBuildFile; fileRef = 9DABAACA2B8B878C00002044 /* TableViewCell.swift */; };
		9DABAACD2B8BB0C700002044 /* Robot.swift in Sources */ = {isa = PBXBuildFile; fileRef = 9DABAACC2B8BB0C700002044 /* Robot.swift */; };
		9DC04B802B87CD4A003ACDD2 /* AppDelegate.swift in Sources */ = {isa = PBXBuildFile; fileRef = 9DC04B7F2B87CD4A003ACDD2 /* AppDelegate.swift */; };
		9DC04B822B87CD4A003ACDD2 /* SceneDelegate.swift in Sources */ = {isa = PBXBuildFile; fileRef = 9DC04B812B87CD4A003ACDD2 /* SceneDelegate.swift */; };
		9DC04B842B87CD4A003ACDD2 /* ViewController.swift in Sources */ = {isa = PBXBuildFile; fileRef = 9DC04B832B87CD4A003ACDD2 /* ViewController.swift */; };
		9DC04B892B87CD4C003ACDD2 /* Assets.xcassets in Resources */ = {isa = PBXBuildFile; fileRef = 9DC04B882B87CD4C003ACDD2 /* Assets.xcassets */; };
		9DC04B8C2B87CD4C003ACDD2 /* LaunchScreen.storyboard in Resources */ = {isa = PBXBuildFile; fileRef = 9DC04B8A2B87CD4C003ACDD2 /* LaunchScreen.storyboard */; };
		9DC04B942B87CEBA003ACDD2 /* map.json in Resources */ = {isa = PBXBuildFile; fileRef = 9DC04B932B87CEBA003ACDD2 /* map.json */; };
		9DC04B982B88AF3E003ACDD2 /* Parser.swift in Sources */ = {isa = PBXBuildFile; fileRef = 9DC04B972B88AF3E003ACDD2 /* Parser.swift */; };
		9DC04B9B2B88B976003ACDD2 /* SnapKit in Frameworks */ = {isa = PBXBuildFile; productRef = 9DC04B9A2B88B976003ACDD2 /* SnapKit */; };
		9DC04B9D2B88C072003ACDD2 /* SettingController.swift in Sources */ = {isa = PBXBuildFile; fileRef = 9DC04B9C2B88C072003ACDD2 /* SettingController.swift */; };
/* End PBXBuildFile section */

/* Begin PBXFileReference section */
		9D0CD2832B8A2E5100C1AC00 /* WarehouseMapView.swift */ = {isa = PBXFileReference; lastKnownFileType = sourcecode.swift; path = WarehouseMapView.swift; sourceTree = "<group>"; };
		9DABAACA2B8B878C00002044 /* TableViewCell.swift */ = {isa = PBXFileReference; lastKnownFileType = sourcecode.swift; path = TableViewCell.swift; sourceTree = "<group>"; };
		9DABAACC2B8BB0C700002044 /* Robot.swift */ = {isa = PBXFileReference; lastKnownFileType = sourcecode.swift; path = Robot.swift; sourceTree = "<group>"; };
		9DC04B7C2B87CD4A003ACDD2 /* MapWithRobots(Scand).app */ = {isa = PBXFileReference; explicitFileType = wrapper.application; includeInIndex = 0; path = "MapWithRobots(Scand).app"; sourceTree = BUILT_PRODUCTS_DIR; };
		9DC04B7F2B87CD4A003ACDD2 /* AppDelegate.swift */ = {isa = PBXFileReference; lastKnownFileType = sourcecode.swift; path = AppDelegate.swift; sourceTree = "<group>"; };
		9DC04B812B87CD4A003ACDD2 /* SceneDelegate.swift */ = {isa = PBXFileReference; lastKnownFileType = sourcecode.swift; path = SceneDelegate.swift; sourceTree = "<group>"; };
		9DC04B832B87CD4A003ACDD2 /* ViewController.swift */ = {isa = PBXFileReference; lastKnownFileType = sourcecode.swift; path = ViewController.swift; sourceTree = "<group>"; };
		9DC04B882B87CD4C003ACDD2 /* Assets.xcassets */ = {isa = PBXFileReference; lastKnownFileType = folder.assetcatalog; path = Assets.xcassets; sourceTree = "<group>"; };
		9DC04B8B2B87CD4C003ACDD2 /* Base */ = {isa = PBXFileReference; lastKnownFileType = file.storyboard; name = Base; path = Base.lproj/LaunchScreen.storyboard; sourceTree = "<group>"; };
		9DC04B8D2B87CD4C003ACDD2 /* Info.plist */ = {isa = PBXFileReference; lastKnownFileType = text.plist.xml; path = Info.plist; sourceTree = "<group>"; };
		9DC04B932B87CEBA003ACDD2 /* map.json */ = {isa = PBXFileReference; lastKnownFileType = text.json; path = map.json; sourceTree = "<group>"; };
		9DC04B972B88AF3E003ACDD2 /* Parser.swift */ = {isa = PBXFileReference; lastKnownFileType = sourcecode.swift; path = Parser.swift; sourceTree = "<group>"; };
		9DC04B9C2B88C072003ACDD2 /* SettingController.swift */ = {isa = PBXFileReference; lastKnownFileType = sourcecode.swift; path = SettingController.swift; sourceTree = "<group>"; };
/* End PBXFileReference section */

/* Begin PBXFrameworksBuildPhase section */
		9DC04B792B87CD4A003ACDD2 /* Frameworks */ = {
			isa = PBXFrameworksBuildPhase;
			buildActionMask = 2147483647;
			files = (
				9DC04B9B2B88B976003ACDD2 /* SnapKit in Frameworks */,
			);
			runOnlyForDeploymentPostprocessing = 0;
		};
/* End PBXFrameworksBuildPhase section */

/* Begin PBXGroup section */
		9DC04B732B87CD4A003ACDD2 = {
			isa = PBXGroup;
			children = (
				9DC04B962B87D07E003ACDD2 /* Application */,
				9DC04B952B87D001003ACDD2 /* Resources */,
				9DC04B7E2B87CD4A003ACDD2 /* MapWithRobots(Scand) */,
				9DC04B7D2B87CD4A003ACDD2 /* Products */,
			);
			sourceTree = "<group>";
		};
		9DC04B7D2B87CD4A003ACDD2 /* Products */ = {
			isa = PBXGroup;
			children = (
				9DC04B7C2B87CD4A003ACDD2 /* MapWithRobots(Scand).app */,
			);
			name = Products;
			sourceTree = "<group>";
		};
		9DC04B7E2B87CD4A003ACDD2 /* MapWithRobots(Scand) */ = {
			isa = PBXGroup;
			children = (
				9DC04B832B87CD4A003ACDD2 /* ViewController.swift */,
				9DC04B9C2B88C072003ACDD2 /* SettingController.swift */,
				9D0CD2832B8A2E5100C1AC00 /* WarehouseMapView.swift */,
				9DABAACC2B8BB0C700002044 /* Robot.swift */,
				9DABAACA2B8B878C00002044 /* TableViewCell.swift */,
				9DC04B972B88AF3E003ACDD2 /* Parser.swift */,
				9DC04B8D2B87CD4C003ACDD2 /* Info.plist */,
				9DC04B932B87CEBA003ACDD2 /* map.json */,
			);
			path = "MapWithRobots(Scand)";
			sourceTree = "<group>";
		};
		9DC04B952B87D001003ACDD2 /* Resources */ = {
			isa = PBXGroup;
			children = (
				9DC04B882B87CD4C003ACDD2 /* Assets.xcassets */,
				9DC04B8A2B87CD4C003ACDD2 /* LaunchScreen.storyboard */,
			);
			path = Resources;
			sourceTree = "<group>";
		};
		9DC04B962B87D07E003ACDD2 /* Application */ = {
			isa = PBXGroup;
			children = (
				9DC04B7F2B87CD4A003ACDD2 /* AppDelegate.swift */,
				9DC04B812B87CD4A003ACDD2 /* SceneDelegate.swift */,
			);
			path = Application;
			sourceTree = "<group>";
		};
/* End PBXGroup section */

/* Begin PBXNativeTarget section */
		9DC04B7B2B87CD4A003ACDD2 /* MapWithRobots(Scand) */ = {
			isa = PBXNativeTarget;
			buildConfigurationList = 9DC04B902B87CD4C003ACDD2 /* Build configuration list for PBXNativeTarget "MapWithRobots(Scand)" */;
			buildPhases = (
				9DC04B782B87CD4A003ACDD2 /* Sources */,
				9DC04B792B87CD4A003ACDD2 /* Frameworks */,
				9DC04B7A2B87CD4A003ACDD2 /* Resources */,
			);
			buildRules = (
			);
			dependencies = (
			);
			name = "MapWithRobots(Scand)";
			packageProductDependencies = (
				9DC04B9A2B88B976003ACDD2 /* SnapKit */,
			);
			productName = "MapWithRobots(Scand)";
			productReference = 9DC04B7C2B87CD4A003ACDD2 /* MapWithRobots(Scand).app */;
			productType = "com.apple.product-type.application";
		};
/* End PBXNativeTarget section */

/* Begin PBXProject section */
		9DC04B742B87CD4A003ACDD2 /* Project object */ = {
			isa = PBXProject;
			attributes = {
				BuildIndependentTargetsInParallel = 1;
				LastSwiftUpdateCheck = 1420;
				LastUpgradeCheck = 1420;
				TargetAttributes = {
					9DC04B7B2B87CD4A003ACDD2 = {
						CreatedOnToolsVersion = 14.2;
					};
				};
			};
			buildConfigurationList = 9DC04B772B87CD4A003ACDD2 /* Build configuration list for PBXProject "MapWithRobots(Scand)" */;
			compatibilityVersion = "Xcode 14.0";
			developmentRegion = en;
			hasScannedForEncodings = 0;
			knownRegions = (
				en,
				Base,
			);
			mainGroup = 9DC04B732B87CD4A003ACDD2;
			packageReferences = (
				9DC04B992B88B976003ACDD2 /* XCRemoteSwiftPackageReference "SnapKit" */,
			);
			productRefGroup = 9DC04B7D2B87CD4A003ACDD2 /* Products */;
			projectDirPath = "";
			projectRoot = "";
			targets = (
				9DC04B7B2B87CD4A003ACDD2 /* MapWithRobots(Scand) */,
			);
		};
/* End PBXProject section */

/* Begin PBXResourcesBuildPhase section */
		9DC04B7A2B87CD4A003ACDD2 /* Resources */ = {
			isa = PBXResourcesBuildPhase;
			buildActionMask = 2147483647;
			files = (
				9DC04B8C2B87CD4C003ACDD2 /* LaunchScreen.storyboard in Resources */,
				9DC04B892B87CD4C003ACDD2 /* Assets.xcassets in Resources */,
				9DC04B942B87CEBA003ACDD2 /* map.json in Resources */,
			);
			runOnlyForDeploymentPostprocessing = 0;
		};
/* End PBXResourcesBuildPhase section */

/* Begin PBXSourcesBuildPhase section */
		9DC04B782B87CD4A003ACDD2 /* Sources */ = {
			isa = PBXSourcesBuildPhase;
			buildActionMask = 2147483647;
			files = (
				9DC04B982B88AF3E003ACDD2 /* Parser.swift in Sources */,
				9DC04B842B87CD4A003ACDD2 /* ViewController.swift in Sources */,
				9DC04B9D2B88C072003ACDD2 /* SettingController.swift in Sources */,
				9D0CD2842B8A2E5100C1AC00 /* WarehouseMapView.swift in Sources */,
				9DABAACD2B8BB0C700002044 /* Robot.swift in Sources */,
				9DC04B802B87CD4A003ACDD2 /* AppDelegate.swift in Sources */,
				9DABAACB2B8B878C00002044 /* TableViewCell.swift in Sources */,
				9DC04B822B87CD4A003ACDD2 /* SceneDelegate.swift in Sources */,
			);
			runOnlyForDeploymentPostprocessing = 0;
		};
/* End PBXSourcesBuildPhase section */

/* Begin PBXVariantGroup section */
		9DC04B8A2B87CD4C003ACDD2 /* LaunchScreen.storyboard */ = {
			isa = PBXVariantGroup;
			children = (
				9DC04B8B2B87CD4C003ACDD2 /* Base */,
			);
			name = LaunchScreen.storyboard;
			sourceTree = "<group>";
		};
/* End PBXVariantGroup section */

/* Begin XCBuildConfiguration section */
		9DC04B8E2B87CD4C003ACDD2 /* Debug */ = {
			isa = XCBuildConfiguration;
			buildSettings = {
				ALWAYS_SEARCH_USER_PATHS = NO;
				CLANG_ANALYZER_NONNULL = YES;
				CLANG_ANALYZER_NUMBER_OBJECT_CONVERSION = YES_AGGRESSIVE;
				CLANG_CXX_LANGUAGE_STANDARD = "gnu++20";
				CLANG_ENABLE_MODULES = YES;
				CLANG_ENABLE_OBJC_ARC = YES;
				CLANG_ENABLE_OBJC_WEAK = YES;
				CLANG_WARN_BLOCK_CAPTURE_AUTORELEASING = YES;
				CLANG_WARN_BOOL_CONVERSION = YES;
				CLANG_WARN_COMMA = YES;
				CLANG_WARN_CONSTANT_CONVERSION = YES;
				CLANG_WARN_DEPRECATED_OBJC_IMPLEMENTATIONS = YES;
				CLANG_WARN_DIRECT_OBJC_ISA_USAGE = YES_ERROR;
				CLANG_WARN_DOCUMENTATION_COMMENTS = YES;
				CLANG_WARN_EMPTY_BODY = YES;
				CLANG_WARN_ENUM_CONVERSION = YES;
				CLANG_WARN_INFINITE_RECURSION = YES;
				CLANG_WARN_INT_CONVERSION = YES;
				CLANG_WARN_NON_LITERAL_NULL_CONVERSION = YES;
				CLANG_WARN_OBJC_IMPLICIT_RETAIN_SELF = YES;
				CLANG_WARN_OBJC_LITERAL_CONVERSION = YES;
				CLANG_WARN_OBJC_ROOT_CLASS = YES_ERROR;
				CLANG_WARN_QUOTED_INCLUDE_IN_FRAMEWORK_HEADER = YES;
				CLANG_WARN_RANGE_LOOP_ANALYSIS = YES;
				CLANG_WARN_STRICT_PROTOTYPES = YES;
				CLANG_WARN_SUSPICIOUS_MOVE = YES;
				CLANG_WARN_UNGUARDED_AVAILABILITY = YES_AGGRESSIVE;
				CLANG_WARN_UNREACHABLE_CODE = YES;
				CLANG_WARN__DUPLICATE_METHOD_MATCH = YES;
				COPY_PHASE_STRIP = NO;
				DEBUG_INFORMATION_FORMAT = dwarf;
				ENABLE_STRICT_OBJC_MSGSEND = YES;
				ENABLE_TESTABILITY = YES;
				GCC_C_LANGUAGE_STANDARD = gnu11;
				GCC_DYNAMIC_NO_PIC = NO;
				GCC_NO_COMMON_BLOCKS = YES;
				GCC_OPTIMIZATION_LEVEL = 0;
				GCC_PREPROCESSOR_DEFINITIONS = (
					"DEBUG=1",
					"$(inherited)",
				);
				GCC_WARN_64_TO_32_BIT_CONVERSION = YES;
				GCC_WARN_ABOUT_RETURN_TYPE = YES_ERROR;
				GCC_WARN_UNDECLARED_SELECTOR = YES;
				GCC_WARN_UNINITIALIZED_AUTOS = YES_AGGRESSIVE;
				GCC_WARN_UNUSED_FUNCTION = YES;
				GCC_WARN_UNUSED_VARIABLE = YES;
				IPHONEOS_DEPLOYMENT_TARGET = 16.2;
				MTL_ENABLE_DEBUG_INFO = INCLUDE_SOURCE;
				MTL_FAST_MATH = YES;
				ONLY_ACTIVE_ARCH = YES;
				SDKROOT = iphoneos;
				SWIFT_ACTIVE_COMPILATION_CONDITIONS = DEBUG;
				SWIFT_OPTIMIZATION_LEVEL = "-Onone";
			};
			name = Debug;
		};
		9DC04B8F2B87CD4C003ACDD2 /* Release */ = {
			isa = XCBuildConfiguration;
			buildSettings = {
				ALWAYS_SEARCH_USER_PATHS = NO;
				CLANG_ANALYZER_NONNULL = YES;
				CLANG_ANALYZER_NUMBER_OBJECT_CONVERSION = YES_AGGRESSIVE;
				CLANG_CXX_LANGUAGE_STANDARD = "gnu++20";
				CLANG_ENABLE_MODULES = YES;
				CLANG_ENABLE_OBJC_ARC = YES;
				CLANG_ENABLE_OBJC_WEAK = YES;
				CLANG_WARN_BLOCK_CAPTURE_AUTORELEASING = YES;
				CLANG_WARN_BOOL_CONVERSION = YES;
				CLANG_WARN_COMMA = YES;
				CLANG_WARN_CONSTANT_CONVERSION = YES;
				CLANG_WARN_DEPRECATED_OBJC_IMPLEMENTATIONS = YES;
				CLANG_WARN_DIRECT_OBJC_ISA_USAGE = YES_ERROR;
				CLANG_WARN_DOCUMENTATION_COMMENTS = YES;
				CLANG_WARN_EMPTY_BODY = YES;
				CLANG_WARN_ENUM_CONVERSION = YES;
				CLANG_WARN_INFINITE_RECURSION = YES;
				CLANG_WARN_INT_CONVERSION = YES;
				CLANG_WARN_NON_LITERAL_NULL_CONVERSION = YES;
				CLANG_WARN_OBJC_IMPLICIT_RETAIN_SELF = YES;
				CLANG_WARN_OBJC_LITERAL_CONVERSION = YES;
				CLANG_WARN_OBJC_ROOT_CLASS = YES_ERROR;
				CLANG_WARN_QUOTED_INCLUDE_IN_FRAMEWORK_HEADER = YES;
				CLANG_WARN_RANGE_LOOP_ANALYSIS = YES;
				CLANG_WARN_STRICT_PROTOTYPES = YES;
				CLANG_WARN_SUSPICIOUS_MOVE = YES;
				CLANG_WARN_UNGUARDED_AVAILABILITY = YES_AGGRESSIVE;
				CLANG_WARN_UNREACHABLE_CODE = YES;
				CLANG_WARN__DUPLICATE_METHOD_MATCH = YES;
				COPY_PHASE_STRIP = NO;
				DEBUG_INFORMATION_FORMAT = "dwarf-with-dsym";
				ENABLE_NS_ASSERTIONS = NO;
				ENABLE_STRICT_OBJC_MSGSEND = YES;
				GCC_C_LANGUAGE_STANDARD = gnu11;
				GCC_NO_COMMON_BLOCKS = YES;
				GCC_WARN_64_TO_32_BIT_CONVERSION = YES;
				GCC_WARN_ABOUT_RETURN_TYPE = YES_ERROR;
				GCC_WARN_UNDECLARED_SELECTOR = YES;
				GCC_WARN_UNINITIALIZED_AUTOS = YES_AGGRESSIVE;
				GCC_WARN_UNUSED_FUNCTION = YES;
				GCC_WARN_UNUSED_VARIABLE = YES;
				IPHONEOS_DEPLOYMENT_TARGET = 16.2;
				MTL_ENABLE_DEBUG_INFO = NO;
				MTL_FAST_MATH = YES;
				SDKROOT = iphoneos;
				SWIFT_COMPILATION_MODE = wholemodule;
				SWIFT_OPTIMIZATION_LEVEL = "-O";
				VALIDATE_PRODUCT = YES;
			};
			name = Release;
		};
		9DC04B912B87CD4C003ACDD2 /* Debug */ = {
			isa = XCBuildConfiguration;
			buildSettings = {
				ASSETCATALOG_COMPILER_APPICON_NAME = AppIcon;
				ASSETCATALOG_COMPILER_GLOBAL_ACCENT_COLOR_NAME = AccentColor;
				CODE_SIGN_STYLE = Automatic;
				CURRENT_PROJECT_VERSION = 1;
				DEVELOPMENT_TEAM = B5GYW8VT22;
				GENERATE_INFOPLIST_FILE = YES;
				INFOPLIST_FILE = "MapWithRobots(Scand)/Info.plist";
				INFOPLIST_KEY_UIApplicationSupportsIndirectInputEvents = YES;
				INFOPLIST_KEY_UILaunchStoryboardName = LaunchScreen;
				INFOPLIST_KEY_UISupportedInterfaceOrientations = UIInterfaceOrientationPortrait;
				INFOPLIST_KEY_UISupportedInterfaceOrientations_iPad = "UIInterfaceOrientationLandscapeLeft UIInterfaceOrientationLandscapeRight";
				LD_RUNPATH_SEARCH_PATHS = (
					"$(inherited)",
					"@executable_path/Frameworks",
				);
				MARKETING_VERSION = 1.0;
				PRODUCT_BUNDLE_IDENTIFIER = "Nepena.MapWithRobots-Scand-";
				PRODUCT_NAME = "$(TARGET_NAME)";
				SWIFT_EMIT_LOC_STRINGS = YES;
				SWIFT_VERSION = 5.0;
				TARGETED_DEVICE_FAMILY = "1,2";
			};
			name = Debug;
		};
		9DC04B922B87CD4C003ACDD2 /* Release */ = {
			isa = XCBuildConfiguration;
			buildSettings = {
				ASSETCATALOG_COMPILER_APPICON_NAME = AppIcon;
				ASSETCATALOG_COMPILER_GLOBAL_ACCENT_COLOR_NAME = AccentColor;
				CODE_SIGN_STYLE = Automatic;
				CURRENT_PROJECT_VERSION = 1;
				DEVELOPMENT_TEAM = B5GYW8VT22;
				GENERATE_INFOPLIST_FILE = YES;
				INFOPLIST_FILE = "MapWithRobots(Scand)/Info.plist";
				INFOPLIST_KEY_UIApplicationSupportsIndirectInputEvents = YES;
				INFOPLIST_KEY_UILaunchStoryboardName = LaunchScreen;
				INFOPLIST_KEY_UISupportedInterfaceOrientations = UIInterfaceOrientationPortrait;
				INFOPLIST_KEY_UISupportedInterfaceOrientations_iPad = "UIInterfaceOrientationLandscapeLeft UIInterfaceOrientationLandscapeRight";
				LD_RUNPATH_SEARCH_PATHS = (
					"$(inherited)",
					"@executable_path/Frameworks",
				);
				MARKETING_VERSION = 1.0;
				PRODUCT_BUNDLE_IDENTIFIER = "Nepena.MapWithRobots-Scand-";
				PRODUCT_NAME = "$(TARGET_NAME)";
				SWIFT_EMIT_LOC_STRINGS = YES;
				SWIFT_VERSION = 5.0;
				TARGETED_DEVICE_FAMILY = "1,2";
			};
			name = Release;
		};
/* End XCBuildConfiguration section */

/* Begin XCConfigurationList section */
		9DC04B772B87CD4A003ACDD2 /* Build configuration list for PBXProject "MapWithRobots(Scand)" */ = {
			isa = XCConfigurationList;
			buildConfigurations = (
				9DC04B8E2B87CD4C003ACDD2 /* Debug */,
				9DC04B8F2B87CD4C003ACDD2 /* Release */,
			);
			defaultConfigurationIsVisible = 0;
			defaultConfigurationName = Release;
		};
		9DC04B902B87CD4C003ACDD2 /* Build configuration list for PBXNativeTarget "MapWithRobots(Scand)" */ = {
			isa = XCConfigurationList;
			buildConfigurations = (
				9DC04B912B87CD4C003ACDD2 /* Debug */,
				9DC04B922B87CD4C003ACDD2 /* Release */,
			);
			defaultConfigurationIsVisible = 0;
			defaultConfigurationName = Release;
		};
/* End XCConfigurationList section */

/* Begin XCRemoteSwiftPackageReference section */
		9DC04B992B88B976003ACDD2 /* XCRemoteSwiftPackageReference "SnapKit" */ = {
			isa = XCRemoteSwiftPackageReference;
			repositoryURL = "https://github.com/SnapKit/SnapKit";
			requirement = {
				kind = upToNextMajorVersion;
				minimumVersion = 5.0.0;
			};
		};
/* End XCRemoteSwiftPackageReference section */

/* Begin XCSwiftPackageProductDependency section */
		9DC04B9A2B88B976003ACDD2 /* SnapKit */ = {
			isa = XCSwiftPackageProductDependency;
			package = 9DC04B992B88B976003ACDD2 /* XCRemoteSwiftPackageReference "SnapKit" */;
			productName = SnapKit;
		};
/* End XCSwiftPackageProductDependency section */
	};
	rootObject = 9DC04B742B87CD4A003ACDD2 /* Project object */;
}
